
Microsoft Visual Studio Solution File, Format Version 12.00
# Visual Studio Version 16
VisualStudioVersion = 16.0.30011.22
MinimumVisualStudioVersion = 10.0.40219.1
Project("{FAE04EC0-301F-11D3-BF4B-00C04F79EFBC}") = "KetoApp.Android", "KetoApp\KetoApp.Android\KetoApp.Android.csproj", "{1D4904DE-7C22-4F7A-8EC7-404C7EE49ED2}"
EndProject
Project("{FAE04EC0-301F-11D3-BF4B-00C04F79EFBC}") = "KetoApp.iOS", "KetoApp\KetoApp.iOS\KetoApp.iOS.csproj", "{5F753A75-38C3-4297-88E8-0AC25BC19E19}"
EndProject
Project("{FAE04EC0-301F-11D3-BF4B-00C04F79EFBC}") = "KetoApp", "KetoApp\KetoApp\KetoApp.csproj", "{051B43D3-5386-4FC9-B814-B4471194A1B7}"
EndProject
Global
	GlobalSection(SolutionConfigurationPlatforms) = preSolution
		Debug|Any CPU = Debug|Any CPU
		Debug|iPhone = Debug|iPhone
		Debug|iPhoneSimulator = Debug|iPhoneSimulator
		Release|Any CPU = Release|Any CPU
		Release|iPhone = Release|iPhone
		Release|iPhoneSimulator = Release|iPhoneSimulator
	EndGlobalSection
	GlobalSection(ProjectConfigurationPlatforms) = postSolution
		{1D4904DE-7C22-4F7A-8EC7-404C7EE49ED2}.Debug|Any CPU.ActiveCfg = Debug|Any CPU
		{1D4904DE-7C22-4F7A-8EC7-404C7EE49ED2}.Debug|Any CPU.Build.0 = Debug|Any CPU
		{1D4904DE-7C22-4F7A-8EC7-404C7EE49ED2}.Debug|Any CPU.Deploy.0 = Debug|Any CPU
		{1D4904DE-7C22-4F7A-8EC7-404C7EE49ED2}.Debug|iPhone.ActiveCfg = Debug|Any CPU
		{1D4904DE-7C22-4F7A-8EC7-404C7EE49ED2}.Debug|iPhone.Build.0 = Debug|Any CPU
		{1D4904DE-7C22-4F7A-8EC7-404C7EE49ED2}.Debug|iPhone.Deploy.0 = Debug|Any CPU
		{1D4904DE-7C22-4F7A-8EC7-404C7EE49ED2}.Debug|iPhoneSimulator.ActiveCfg = Debug|Any CPU
		{1D4904DE-7C22-4F7A-8EC7-404C7EE49ED2}.Debug|iPhoneSimulator.Build.0 = Debug|Any CPU
		{1D4904DE-7C22-4F7A-8EC7-404C7EE49ED2}.Debug|iPhoneSimulator.Deploy.0 = Debug|Any CPU
		{1D4904DE-7C22-4F7A-8EC7-404C7EE49ED2}.Release|Any CPU.ActiveCfg = Release|Any CPU
		{1D4904DE-7C22-4F7A-8EC7-404C7EE49ED2}.Release|Any CPU.Build.0 = Release|Any CPU
		{1D4904DE-7C22-4F7A-8EC7-404C7EE49ED2}.Release|Any CPU.Deploy.0 = Release|Any CPU
		{1D4904DE-7C22-4F7A-8EC7-404C7EE49ED2}.Release|iPhone.ActiveCfg = Release|Any CPU
		{1D4904DE-7C22-4F7A-8EC7-404C7EE49ED2}.Release|iPhone.Build.0 = Release|Any CPU
		{1D4904DE-7C22-4F7A-8EC7-404C7EE49ED2}.Release|iPhone.Deploy.0 = Release|Any CPU
		{1D4904DE-7C22-4F7A-8EC7-404C7EE49ED2}.Release|iPhoneSimulator.ActiveCfg = Release|Any CPU
		{1D4904DE-7C22-4F7A-8EC7-404C7EE49ED2}.Release|iPhoneSimulator.Build.0 = Release|Any CPU
		{1D4904DE-7C22-4F7A-8EC7-404C7EE49ED2}.Release|iPhoneSimulator.Deploy.0 = Release|Any CPU
		{5F753A75-38C3-4297-88E8-0AC25BC19E19}.Debug|Any CPU.ActiveCfg = Debug|iPhone
		{5F753A75-38C3-4297-88E8-0AC25BC19E19}.Debug|Any CPU.Build.0 = Debug|iPhone
		{5F753A75-38C3-4297-88E8-0AC25BC19E19}.Debug|Any CPU.Deploy.0 = Debug|iPhone
		{5F753A75-38C3-4297-88E8-0AC25BC19E19}.Debug|iPhone.ActiveCfg = Debug|iPhone
		{5F753A75-38C3-4297-88E8-0AC25BC19E19}.Debug|iPhone.Build.0 = Debug|iPhone
		{5F753A75-38C3-4297-88E8-0AC25BC19E19}.Debug|iPhone.Deploy.0 = Debug|iPhone
		{5F753A75-38C3-4297-88E8-0AC25BC19E19}.Debug|iPhoneSimulator.ActiveCfg = Debug|iPhoneSimulator
		{5F753A75-38C3-4297-88E8-0AC25BC19E19}.Debug|iPhoneSimulator.Build.0 = Debug|iPhoneSimulator
		{5F753A75-38C3-4297-88E8-0AC25BC19E19}.Debug|iPhoneSimulator.Deploy.0 = Debug|iPhoneSimulator
		{5F753A75-38C3-4297-88E8-0AC25BC19E19}.Release|Any CPU.ActiveCfg = Release|iPhone
		{5F753A75-38C3-4297-88E8-0AC25BC19E19}.Release|Any CPU.Build.0 = Release|iPhone
		{5F753A75-38C3-4297-88E8-0AC25BC19E19}.Release|Any CPU.Deploy.0 = Release|iPhone
		{5F753A75-38C3-4297-88E8-0AC25BC19E19}.Release|iPhone.ActiveCfg = Release|iPhone
		{5F753A75-38C3-4297-88E8-0AC25BC19E19}.Release|iPhone.Build.0 = Release|iPhone
		{5F753A75-38C3-4297-88E8-0AC25BC19E19}.Release|iPhone.Deploy.0 = Release|iPhone
		{5F753A75-38C3-4297-88E8-0AC25BC19E19}.Release|iPhoneSimulator.ActiveCfg = Release|iPhoneSimulator
		{5F753A75-38C3-4297-88E8-0AC25BC19E19}.Release|iPhoneSimulator.Build.0 = Release|iPhoneSimulator
		{5F753A75-38C3-4297-88E8-0AC25BC19E19}.Release|iPhoneSimulator.Deploy.0 = Release|iPhoneSimulator
		{051B43D3-5386-4FC9-B814-B4471194A1B7}.Debug|Any CPU.ActiveCfg = Debug|Any CPU
		{051B43D3-5386-4FC9-B814-B4471194A1B7}.Debug|Any CPU.Build.0 = Debug|Any CPU
		{051B43D3-5386-4FC9-B814-B4471194A1B7}.Debug|Any CPU.Deploy.0 = Debug|Any CPU
		{051B43D3-5386-4FC9-B814-B4471194A1B7}.Debug|iPhone.ActiveCfg = Debug|Any CPU
		{051B43D3-5386-4FC9-B814-B4471194A1B7}.Debug|iPhone.Build.0 = Debug|Any CPU
		{051B43D3-5386-4FC9-B814-B4471194A1B7}.Debug|iPhone.Deploy.0 = Debug|Any CPU
		{051B43D3-5386-4FC9-B814-B4471194A1B7}.Debug|iPhoneSimulator.ActiveCfg = Debug|Any CPU
		{051B43D3-5386-4FC9-B814-B4471194A1B7}.Debug|iPhoneSimulator.Build.0 = Debug|Any CPU
		{051B43D3-5386-4FC9-B814-B4471194A1B7}.Debug|iPhoneSimulator.Deploy.0 = Debug|Any CPU
		{051B43D3-5386-4FC9-B814-B4471194A1B7}.Release|Any CPU.ActiveCfg = Release|Any CPU
		{051B43D3-5386-4FC9-B814-B4471194A1B7}.Release|Any CPU.Build.0 = Release|Any CPU
		{051B43D3-5386-4FC9-B814-B4471194A1B7}.Release|Any CPU.Deploy.0 = Release|Any CPU
		{051B43D3-5386-4FC9-B814-B4471194A1B7}.Release|iPhone.ActiveCfg = Release|Any CPU
		{051B43D3-5386-4FC9-B814-B4471194A1B7}.Release|iPhone.Build.0 = Release|Any CPU
		{051B43D3-5386-4FC9-B814-B4471194A1B7}.Release|iPhone.Deploy.0 = Release|Any CPU
		{051B43D3-5386-4FC9-B814-B4471194A1B7}.Release|iPhoneSimulator.ActiveCfg = Release|Any CPU
		{051B43D3-5386-4FC9-B814-B4471194A1B7}.Release|iPhoneSimulator.Build.0 = Release|Any CPU
		{051B43D3-5386-4FC9-B814-B4471194A1B7}.Release|iPhoneSimulator.Deploy.0 = Release|Any CPU
	EndGlobalSection
	GlobalSection(SolutionProperties) = preSolution
		HideSolutionNode = FALSE
	EndGlobalSection
	GlobalSection(ExtensibilityGlobals) = postSolution
		SolutionGuid = {7894A1B1-FD2F-4614-8314-5727F6091BD3}
	EndGlobalSection
EndGlobal
